
Microsoft Visual Studio Solution File, Format Version 12.00
# Visual Studio Version 17
VisualStudioVersion = 17.5.33516.290
MinimumVisualStudioVersion = 10.0.40219.1
Project("{2150E333-8FDC-42A3-9474-1A3956D46DE8}") = "Level0", "Level0", "{8BE87063-57F0-4065-92A5-5C0DBDFDC3F8}"
EndProject
Project("{2150E333-8FDC-42A3-9474-1A3956D46DE8}") = "Level1", "Level1", "{43FE56FC-E99C-491A-9820-AD2F1F4D6C01}"
EndProject
Project("{2150E333-8FDC-42A3-9474-1A3956D46DE8}") = "Level2", "Level2", "{FA86F3BC-B2CE-49A0-8C5C-36B58893EB02}"
EndProject
Project("{2150E333-8FDC-42A3-9474-1A3956D46DE8}") = "Level3", "Level3", "{C7761CF5-4DCC-4637-A95C-EC062B7AA942}"
EndProject
Project("{2150E333-8FDC-42A3-9474-1A3956D46DE8}") = "Level4", "Level4", "{F394039F-7384-40D8-AF06-5193CE113C82}"
EndProject
Project("{8BC9CEB8-8B4A-11D0-8D11-00A0C91BC942}") = "GameEngineBase", "GameEngineBase\GameEngineBase.vcxproj", "{43E95582-82FC-46C5-A7CA-7D887CD0432B}"
EndProject
Project("{8BC9CEB8-8B4A-11D0-8D11-00A0C91BC942}") = "GameEngineCore", "GameEngineCore\GameEngineCore.vcxproj", "{25420802-CA45-42A3-9D95-42F2A0BD9D5B}"
	ProjectSection(ProjectDependencies) = postProject
		{43E95582-82FC-46C5-A7CA-7D887CD0432B} = {43E95582-82FC-46C5-A7CA-7D887CD0432B}
	EndProjectSection
EndProject
Project("{8BC9CEB8-8B4A-11D0-8D11-00A0C91BC942}") = "GameEngineContents", "GameEngineContents\GameEngineContents.vcxproj", "{C01F45AA-4D17-4F5E-8A65-81CC34F5FC66}"
	ProjectSection(ProjectDependencies) = postProject
		{25420802-CA45-42A3-9D95-42F2A0BD9D5B} = {25420802-CA45-42A3-9D95-42F2A0BD9D5B}
		{43E95582-82FC-46C5-A7CA-7D887CD0432B} = {43E95582-82FC-46C5-A7CA-7D887CD0432B}
	EndProjectSection
EndProject
Project("{8BC9CEB8-8B4A-11D0-8D11-00A0C91BC942}") = "MapleStory", "MapleStory\MapleStory.vcxproj", "{0F3A9D86-D293-447C-9AA5-0D51AD155B31}"
	ProjectSection(ProjectDependencies) = postProject
		{25420802-CA45-42A3-9D95-42F2A0BD9D5B} = {25420802-CA45-42A3-9D95-42F2A0BD9D5B}
		{43E95582-82FC-46C5-A7CA-7D887CD0432B} = {43E95582-82FC-46C5-A7CA-7D887CD0432B}
		{C01F45AA-4D17-4F5E-8A65-81CC34F5FC66} = {C01F45AA-4D17-4F5E-8A65-81CC34F5FC66}
	EndProjectSection
EndProject
Project("{8BC9CEB8-8B4A-11D0-8D11-00A0C91BC942}") = "GameEnginePlatform", "GameEnginePlatform\GameEnginePlatform.vcxproj", "{F6E44423-C86D-4D5D-8807-5EA6DE42B126}"
EndProject
Global
	GlobalSection(SolutionConfigurationPlatforms) = preSolution
		Debug|x64 = Debug|x64
		Debug|x86 = Debug|x86
		Release|x64 = Release|x64
		Release|x86 = Release|x86
	EndGlobalSection
	GlobalSection(ProjectConfigurationPlatforms) = postSolution
		{43E95582-82FC-46C5-A7CA-7D887CD0432B}.Debug|x64.ActiveCfg = Debug|x64
		{43E95582-82FC-46C5-A7CA-7D887CD0432B}.Debug|x64.Build.0 = Debug|x64
		{43E95582-82FC-46C5-A7CA-7D887CD0432B}.Debug|x86.ActiveCfg = Debug|Win32
		{43E95582-82FC-46C5-A7CA-7D887CD0432B}.Debug|x86.Build.0 = Debug|Win32
		{43E95582-82FC-46C5-A7CA-7D887CD0432B}.Release|x64.ActiveCfg = Release|x64
		{43E95582-82FC-46C5-A7CA-7D887CD0432B}.Release|x64.Build.0 = Release|x64
		{43E95582-82FC-46C5-A7CA-7D887CD0432B}.Release|x86.ActiveCfg = Release|Win32
		{43E95582-82FC-46C5-A7CA-7D887CD0432B}.Release|x86.Build.0 = Release|Win32
		{25420802-CA45-42A3-9D95-42F2A0BD9D5B}.Debug|x64.ActiveCfg = Debug|x64
		{25420802-CA45-42A3-9D95-42F2A0BD9D5B}.Debug|x64.Build.0 = Debug|x64
		{25420802-CA45-42A3-9D95-42F2A0BD9D5B}.Debug|x86.ActiveCfg = Debug|Win32
		{25420802-CA45-42A3-9D95-42F2A0BD9D5B}.Debug|x86.Build.0 = Debug|Win32
		{25420802-CA45-42A3-9D95-42F2A0BD9D5B}.Release|x64.ActiveCfg = Release|x64
		{25420802-CA45-42A3-9D95-42F2A0BD9D5B}.Release|x64.Build.0 = Release|x64
		{25420802-CA45-42A3-9D95-42F2A0BD9D5B}.Release|x86.ActiveCfg = Release|Win32
		{25420802-CA45-42A3-9D95-42F2A0BD9D5B}.Release|x86.Build.0 = Release|Win32
		{C01F45AA-4D17-4F5E-8A65-81CC34F5FC66}.Debug|x64.ActiveCfg = Debug|x64
		{C01F45AA-4D17-4F5E-8A65-81CC34F5FC66}.Debug|x64.Build.0 = Debug|x64
		{C01F45AA-4D17-4F5E-8A65-81CC34F5FC66}.Debug|x86.ActiveCfg = Debug|Win32
		{C01F45AA-4D17-4F5E-8A65-81CC34F5FC66}.Debug|x86.Build.0 = Debug|Win32
		{C01F45AA-4D17-4F5E-8A65-81CC34F5FC66}.Release|x64.ActiveCfg = Release|x64
		{C01F45AA-4D17-4F5E-8A65-81CC34F5FC66}.Release|x64.Build.0 = Release|x64
		{C01F45AA-4D17-4F5E-8A65-81CC34F5FC66}.Release|x86.ActiveCfg = Release|Win32
		{C01F45AA-4D17-4F5E-8A65-81CC34F5FC66}.Release|x86.Build.0 = Release|Win32
		{0F3A9D86-D293-447C-9AA5-0D51AD155B31}.Debug|x64.ActiveCfg = Debug|x64
		{0F3A9D86-D293-447C-9AA5-0D51AD155B31}.Debug|x64.Build.0 = Debug|x64
		{0F3A9D86-D293-447C-9AA5-0D51AD155B31}.Debug|x86.ActiveCfg = Debug|Win32
		{0F3A9D86-D293-447C-9AA5-0D51AD155B31}.Debug|x86.Build.0 = Debug|Win32
		{0F3A9D86-D293-447C-9AA5-0D51AD155B31}.Release|x64.ActiveCfg = Release|x64
		{0F3A9D86-D293-447C-9AA5-0D51AD155B31}.Release|x64.Build.0 = Release|x64
		{0F3A9D86-D293-447C-9AA5-0D51AD155B31}.Release|x86.ActiveCfg = Release|Win32
		{0F3A9D86-D293-447C-9AA5-0D51AD155B31}.Release|x86.Build.0 = Release|Win32
		{F6E44423-C86D-4D5D-8807-5EA6DE42B126}.Debug|x64.ActiveCfg = Debug|x64
		{F6E44423-C86D-4D5D-8807-5EA6DE42B126}.Debug|x64.Build.0 = Debug|x64
		{F6E44423-C86D-4D5D-8807-5EA6DE42B126}.Debug|x86.ActiveCfg = Debug|Win32
		{F6E44423-C86D-4D5D-8807-5EA6DE42B126}.Debug|x86.Build.0 = Debug|Win32
		{F6E44423-C86D-4D5D-8807-5EA6DE42B126}.Release|x64.ActiveCfg = Release|x64
		{F6E44423-C86D-4D5D-8807-5EA6DE42B126}.Release|x64.Build.0 = Release|x64
		{F6E44423-C86D-4D5D-8807-5EA6DE42B126}.Release|x86.ActiveCfg = Release|Win32
		{F6E44423-C86D-4D5D-8807-5EA6DE42B126}.Release|x86.Build.0 = Release|Win32
	EndGlobalSection
	GlobalSection(SolutionProperties) = preSolution
		HideSolutionNode = FALSE
	EndGlobalSection
	GlobalSection(NestedProjects) = preSolution
		{43E95582-82FC-46C5-A7CA-7D887CD0432B} = {8BE87063-57F0-4065-92A5-5C0DBDFDC3F8}
		{25420802-CA45-42A3-9D95-42F2A0BD9D5B} = {FA86F3BC-B2CE-49A0-8C5C-36B58893EB02}
		{C01F45AA-4D17-4F5E-8A65-81CC34F5FC66} = {C7761CF5-4DCC-4637-A95C-EC062B7AA942}
		{0F3A9D86-D293-447C-9AA5-0D51AD155B31} = {F394039F-7384-40D8-AF06-5193CE113C82}
		{F6E44423-C86D-4D5D-8807-5EA6DE42B126} = {43FE56FC-E99C-491A-9820-AD2F1F4D6C01}
	EndGlobalSection
	GlobalSection(ExtensibilityGlobals) = postSolution
		SolutionGuid = {1E559806-CD39-49BB-8201-217A0888D111}
	EndGlobalSection
EndGlobal
