<?xml version="1.0" encoding="utf-8"?>
<Project ToolsVersion="4.0" xmlns="http://schemas.microsoft.com/developer/msbuild/2003">
  <ItemGroup>
    <Filter Include="Level">
      <UniqueIdentifier>{b7cca68c-5ba7-4be7-960e-398dba3d0ecd}</UniqueIdentifier>
    </Filter>
    <Filter Include="Global">
      <UniqueIdentifier>{d837136f-a0ad-4933-965c-0b1485f945ba}</UniqueIdentifier>
    </Filter>
    <Filter Include="Play">
      <UniqueIdentifier>{024a5cf4-f6f6-466b-a27d-13f5cb3bbdb1}</UniqueIdentifier>
    </Filter>
    <Filter Include="UI">
      <UniqueIdentifier>{80c37e3c-42bc-47ef-9a5f-70cf6c7e52ed}</UniqueIdentifier>
    </Filter>
    <Filter Include="UI\UIPanel">
      <UniqueIdentifier>{55aa6515-5e52-4ba3-8299-b3f35a30694c}</UniqueIdentifier>
    </Filter>
    <Filter Include="UI\UIInteraction">
      <UniqueIdentifier>{9c9c7e74-c738-4fae-a085-7d543e37f60f}</UniqueIdentifier>
    </Filter>
    <Filter Include="Global\Monster">
      <UniqueIdentifier>{915215ec-240c-467b-8276-797c9a71f553}</UniqueIdentifier>
    </Filter>
  </ItemGroup>
  <ItemGroup>
    <ClInclude Include="StartLevel.h">
      <Filter>Level</Filter>
    </ClInclude>
    <ClInclude Include="PlayLevel.h">
      <Filter>Level</Filter>
    </ClInclude>
    <ClInclude Include="ContentCore.h" />
    <ClInclude Include="PlayActor.h" />
    <ClInclude Include="BackGround.h">
      <Filter>Global</Filter>
    </ClInclude>
    <ClInclude Include="Player.h">
      <Filter>Global</Filter>
    </ClInclude>
    <ClInclude Include="Enum.h">
      <Filter>Global</Filter>
    </ClInclude>
    <ClInclude Include="UIPanel.h">
      <Filter>UI\UIPanel</Filter>
    </ClInclude>
    <ClInclude Include="GardenLevel.h">
      <Filter>Level</Filter>
    </ClInclude>
    <ClInclude Include="BossLevel.h">
      <Filter>Level</Filter>
    </ClInclude>
    <ClInclude Include="Potal.h">
      <Filter>Global</Filter>
    </ClInclude>
    <ClInclude Include="MouseObjectPlay.h">
      <Filter>Global</Filter>
    </ClInclude>
    <ClInclude Include="MouseObject.h">
      <Filter>Global</Filter>
    </ClInclude>
    <ClInclude Include="UIStart.h">
      <Filter>UI\UIPanel</Filter>
    </ClInclude>
    <ClInclude Include="PracticeLevel.h">
      <Filter>Level</Filter>
    </ClInclude>
    <ClInclude Include="GlobalValue.h">
      <Filter>Global</Filter>
    </ClInclude>
    <ClInclude Include="UIQuest.h">
      <Filter>UI\UIInteraction</Filter>
    </ClInclude>
    <ClInclude Include="FadeObject.h">
      <Filter>Play</Filter>
    </ClInclude>
    <ClInclude Include="EreveLevel.h">
      <Filter>Level</Filter>
    </ClInclude>
    <ClInclude Include="NineNpc.h">
      <Filter>Play</Filter>
    </ClInclude>
    <ClInclude Include="RutaNpc.h">
      <Filter>Play</Filter>
    </ClInclude>
    <ClInclude Include="BellomBoss.h">
      <Filter>Global\Monster</Filter>
    </ClInclude>
    <ClInclude Include="Monster.h">
      <Filter>Global\Monster</Filter>
    </ClInclude>
    <ClInclude Include="ImpMonster.h">
      <Filter>Global\Monster</Filter>
    </ClInclude>
  </ItemGroup>
  <ItemGroup>
    <ClCompile Include="StartLevel.cpp">
      <Filter>Level</Filter>
    </ClCompile>
    <ClCompile Include="PlayLevel.cpp">
      <Filter>Level</Filter>
    </ClCompile>
    <ClCompile Include="PlayActor.cpp" />
    <ClCompile Include="BackGround.cpp">
      <Filter>Global</Filter>
    </ClCompile>
    <ClCompile Include="Player.cpp">
      <Filter>Global</Filter>
    </ClCompile>
    <ClCompile Include="Player_State.cpp">
      <Filter>Global</Filter>
    </ClCompile>
    <ClCompile Include="UIPanel.cpp">
      <Filter>UI\UIPanel</Filter>
    </ClCompile>
    <ClCompile Include="GardenLevel.cpp">
      <Filter>Level</Filter>
    </ClCompile>
    <ClCompile Include="BossLevel.cpp">
      <Filter>Level</Filter>
    </ClCompile>
    <ClCompile Include="Potal.cpp">
      <Filter>Global</Filter>
    </ClCompile>
    <ClCompile Include="MouseObjectPlay.cpp">
      <Filter>Global</Filter>
    </ClCompile>
    <ClCompile Include="MouseObject.cpp">
      <Filter>Global</Filter>
    </ClCompile>
    <ClCompile Include="ContentCore.cpp" />
    <ClCompile Include="UIStart.cpp">
      <Filter>UI\UIPanel</Filter>
    </ClCompile>
    <ClCompile Include="PracticeLevel.cpp">
      <Filter>Level</Filter>
    </ClCompile>
    <ClCompile Include="GlobalValue.cpp">
      <Filter>Global</Filter>
    </ClCompile>
    <ClCompile Include="UIQuest.cpp">
      <Filter>UI\UIInteraction</Filter>
    </ClCompile>
    <ClCompile Include="FadeObject.cpp">
      <Filter>Play</Filter>
    </ClCompile>
    <ClCompile Include="EreveLevel.cpp">
      <Filter>Level</Filter>
    </ClCompile>
    <ClCompile Include="NineNpc.cpp">
      <Filter>Play</Filter>
    </ClCompile>
    <ClCompile Include="RutaNpc.cpp">
      <Filter>Play</Filter>
    </ClCompile>
    <ClCompile Include="BellomBoss.cpp">
      <Filter>Global\Monster</Filter>
    </ClCompile>
    <ClCompile Include="ImpMonster.cpp">
      <Filter>Global\Monster</Filter>
    </ClCompile>
    <ClCompile Include="Monster.cpp">
      <Filter>Global\Monster</Filter>
    </ClCompile>
  </ItemGroup>
</Project>